{
  "name": "nroute",
  "version": "1.0.8",
  "lockfileVersion": 1,
  "requires": true,
  "dependencies": {
    "kc-qstr": {
      "version": "1.0.2",
      "resolved": "https://registry.npmjs.org/kc-qstr/-/kc-qstr-1.0.2.tgz",
      "integrity": "sha512-x+iuVuIjNotYqz99+/cfutkl/6c0sHr8jhVKbskFthwdieXZDzHv5OeqEO8sgn+p9a/RKC92GWnPD82JSCbtGA=="
    }
  }
}
