{
  "name": "nroute",
  "version": "1.0.13",
  "lockfileVersion": 1,
  "requires": true,
  "dependencies": {
    "kc-qstr": {
      "version": "1.0.3",
      "resolved": "https://registry.npmjs.org/kc-qstr/-/kc-qstr-1.0.3.tgz",
      "integrity": "sha512-2ObGKBCPAe9lZYvLSGsZQ6PxGEvfapqugudZT+Lurqk+K/94/ffVKOhgx1GuGu7AOCJA9kpJoDx4Dt1rJQK0Vw=="
    }
  }
}
